{
  "name": "ttvk-retaranlator",
  "version": "1.0.0",
  "lockfileVersion": 1,
  "requires": true,
  "dependencies": {
    "axios": {
      "version": "0.21.1",
      "resolved": "https://registry.npmjs.org/axios/-/axios-0.21.1.tgz",
      "integrity": "sha512-dKQiRHxGD9PPRIUNIWvZhPTPpl1rf/OxTYKsqKUDjBwYylTvV7SjSHJb9ratfyzM6wCdLCOYLzs73qpg5c4iGA==",
      "requires": {
        "follow-redirects": "^1.10.0"
      }
    },
    "follow-redirects": {
      "version": "1.13.2",
      "resolved": "https://registry.npmjs.org/follow-redirects/-/follow-redirects-1.13.2.tgz",
      "integrity": "sha512-6mPTgLxYm3r6Bkkg0vNM0HTjfGrOEtsfbhagQvbxDEsEkpNhw582upBaoRZylzen6krEmxXJgt9Ju6HiI4O7BA=="
    },
    "node-fetch": {
      "version": "2.6.1",
      "resolved": "https://registry.npmjs.org/node-fetch/-/node-fetch-2.6.1.tgz",
      "integrity": "sha512-V4aYg89jEoVRxRb2fJdAg8FHvI7cEyYdVAh94HH0UIK8oJxUfkjlDQN9RbMx+bEjP7+ggMiFRprSti032Oipxw=="
    },
    "node-vk-bot-api": {
      "version": "3.4.0",
      "resolved": "https://registry.npmjs.org/node-vk-bot-api/-/node-vk-bot-api-3.4.0.tgz",
      "integrity": "sha512-5cjWmNOsWa0+CWm6nk8b+bX6m00vaafLbhDJsZnpXfEvkItsacbudgRFqvCTKWQSMdZco4IKBJJAjmdnrHVRjQ==",
      "requires": {
        "axios": "^0.21.1"
      }
    },
    "tmi.js": {
      "version": "1.7.2",
      "resolved": "https://registry.npmjs.org/tmi.js/-/tmi.js-1.7.2.tgz",
      "integrity": "sha512-ewht4Z0YcnOOK6/FVpYQiPJkKz02iwGV8132fR2dBLU7i7dCC+dOFXwH7O9fo1Ka9C+MQoPW8PiNlHUWxs4iIg==",
      "requires": {
        "node-fetch": "2.6.1",
        "ws": "7.4.3"
      }
    },
    "ws": {
      "version": "7.4.3",
      "resolved": "https://registry.npmjs.org/ws/-/ws-7.4.3.tgz",
      "integrity": "sha512-hr6vCR76GsossIRsr8OLR9acVVm1jyfEWvhbNjtgPOrfvAlKzvyeg/P6r8RuDjRyrcQoPQT7K0DGEPc7Ae6jzA=="
    }
  }
}
